<?xml version="1.0" encoding="utf-8"?>
<Project ToolsVersion="4.0" xmlns="http://schemas.microsoft.com/developer/msbuild/2003">
  <ItemGroup>
    <Filter Include="Source Files">
      <UniqueIdentifier>{4FC737F1-C7A5-4376-A066-2A32D752A2FF}</UniqueIdentifier>
      <Extensions>cpp;c;cc;cxx;def;odl;idl;hpj;bat;asm;asmx</Extensions>
    </Filter>
    <Filter Include="Header Files">
      <UniqueIdentifier>{93995380-89BD-4b04-88EB-625FBE52EBFB}</UniqueIdentifier>
      <Extensions>h;hh;hpp;hxx;hm;inl;inc;xsd</Extensions>
    </Filter>
    <Filter Include="Resource Files">
      <UniqueIdentifier>{67DA6AB6-F800-4c08-8B7A-83BB121AAD01}</UniqueIdentifier>
      <Extensions>rc;ico;cur;bmp;dlg;rc2;rct;bin;rgs;gif;jpg;jpeg;jpe;resx;tiff;tif;png;wav;mfcribbon-ms</Extensions>
    </Filter>
    <Filter Include="Header Files\Platform">
      <UniqueIdentifier>{0752a650-593e-481d-b191-4755790732ee}</UniqueIdentifier>
    </Filter>
    <Filter Include="Header Files\Engine">
      <UniqueIdentifier>{0265ec61-b752-4492-b18b-78e1689146d4}</UniqueIdentifier>
    </Filter>
    <Filter Include="Source Files\Platform">
      <UniqueIdentifier>{eb46a81e-676e-4380-a776-8f5942b9a4c9}</UniqueIdentifier>
    </Filter>
    <Filter Include="Source Files\Platform\Windows">
      <UniqueIdentifier>{7915e109-55ce-4ae3-9f85-2ce7247f7d69}</UniqueIdentifier>
    </Filter>
    <Filter Include="Source Files\Platform\Linux">
      <UniqueIdentifier>{9c6f2b65-eebe-4e57-846f-5ac529bde2f1}</UniqueIdentifier>
    </Filter>
    <Filter Include="Source Files\Engine">
      <UniqueIdentifier>{3f0d2036-a1b5-4f9d-80d6-98b023cd5c81}</UniqueIdentifier>
    </Filter>
    <Filter Include="Header Files\Engine\Math">
      <UniqueIdentifier>{fbb8f6d3-8828-49f1-97fc-da090cf01d35}</UniqueIdentifier>
    </Filter>
    <Filter Include="Source Files\Engine\Math">
      <UniqueIdentifier>{dd771045-164c-468b-bd0b-5f4b434b4da4}</UniqueIdentifier>
    </Filter>
    <Filter Include="Header Files\Engine\Time">
      <UniqueIdentifier>{c538edba-5c7a-4a3c-8200-f2c7047fa96f}</UniqueIdentifier>
    </Filter>
    <Filter Include="Source Files\Engine\Time">
      <UniqueIdentifier>{bc7d903d-6a5e-4d7c-bb82-20fee66e3aa9}</UniqueIdentifier>
    </Filter>
    <Filter Include="Header Files\Engine\Event">
      <UniqueIdentifier>{0e8b9e31-6814-4050-b324-c5fb7355abcc}</UniqueIdentifier>
    </Filter>
    <Filter Include="Source Files\Engine\Event">
      <UniqueIdentifier>{d82fa1b6-572e-49e3-bdfa-2a5ca043fad5}</UniqueIdentifier>
    </Filter>
    <Filter Include="Header Files\Engine\Input">
      <UniqueIdentifier>{7e48fd9a-0dfc-402e-9c67-097acfa265b7}</UniqueIdentifier>
    </Filter>
    <Filter Include="Header Files\Engine\Event\EventTypes">
      <UniqueIdentifier>{c5de861a-ad6b-4e8c-9df5-9b0cc81ab0de}</UniqueIdentifier>
    </Filter>
    <Filter Include="Header Files\Engine\Subsystem">
      <UniqueIdentifier>{61b54e90-3dfb-432d-9e26-64c8d0628a0b}</UniqueIdentifier>
    </Filter>
    <Filter Include="Header Files\Engine\Entity">
      <UniqueIdentifier>{8ebbc57c-350c-4e60-8b30-0817e80767ae}</UniqueIdentifier>
    </Filter>
    <Filter Include="Source Files\Engine\Entity">
      <UniqueIdentifier>{9675b22b-80e1-4e93-a805-c99d49dc5852}</UniqueIdentifier>
    </Filter>
    <Filter Include="Source Files\Engine\Subsystems">
      <UniqueIdentifier>{219078dd-1c1c-450a-98ab-4da009b61f90}</UniqueIdentifier>
    </Filter>
  </ItemGroup>
  <ItemGroup>
    <ClInclude Include="Platform_Windows.h">
      <Filter>Header Files\Platform</Filter>
    </ClInclude>
    <ClInclude Include="Engine.h">
      <Filter>Header Files\Engine</Filter>
    </ClInclude>
    <ClInclude Include="GraphicDevice.h">
      <Filter>Header Files\Engine</Filter>
    </ClInclude>
    <ClInclude Include="DeviceNotify.h">
      <Filter>Header Files</Filter>
    </ClInclude>
    <ClInclude Include="GameWindow.h">
      <Filter>Header Files</Filter>
    </ClInclude>
    <ClInclude Include="Sprite.h">
      <Filter>Header Files\Engine</Filter>
    </ClInclude>
    <ClInclude Include="AssetLoader.h">
      <Filter>Header Files\Engine</Filter>
    </ClInclude>
    <ClInclude Include="TextureUtils.h">
      <Filter>Header Files\Engine</Filter>
    </ClInclude>
    <ClInclude Include="EngineMath.h">
      <Filter>Header Files\Engine\Math</Filter>
    </ClInclude>
    <ClInclude Include="Vector3.h">
      <Filter>Header Files\Engine\Math</Filter>
    </ClInclude>
    <ClInclude Include="Timer.h">
      <Filter>Header Files\Engine\Time</Filter>
    </ClInclude>
    <ClInclude Include="Defines.h">
      <Filter>Header Files\Engine</Filter>
    </ClInclude>
    <ClInclude Include="GlobalVars.h">
      <Filter>Header Files\Engine</Filter>
    </ClInclude>
    <ClInclude Include="ObjectMetadata.h">
      <Filter>Header Files\Engine</Filter>
    </ClInclude>
    <ClInclude Include="EventObserver.h">
      <Filter>Header Files\Engine\Event</Filter>
    </ClInclude>
    <ClInclude Include="EventSource.h">
      <Filter>Header Files\Engine\Event</Filter>
    </ClInclude>
    <ClInclude Include="Event.h">
      <Filter>Header Files\Engine\Event</Filter>
    </ClInclude>
    <ClInclude Include="DummyEvent.h">
      <Filter>Header Files\Engine\Event\EventTypes</Filter>
    </ClInclude>
    <ClInclude Include="InputEvent.h">
      <Filter>Header Files\Engine\Event\EventTypes</Filter>
    </ClInclude>
    <ClInclude Include="GameSubsystem.h">
      <Filter>Header Files\Engine\Subsystem</Filter>
    </ClInclude>
    <ClInclude Include="Entity.h">
      <Filter>Header Files\Engine\Entity</Filter>
    </ClInclude>
    <ClInclude Include="GameWorld.h">
      <Filter>Header Files\Engine\Entity</Filter>
    </ClInclude>
    <ClInclude Include="EntityComponent.h">
      <Filter>Header Files\Engine\Entity</Filter>
    </ClInclude>
    <ClInclude Include="PositionComponent.h">
      <Filter>Header Files\Engine\Entity</Filter>
    </ClInclude>
    <ClInclude Include="MovementComponent.h">
      <Filter>Header Files\Engine\Entity</Filter>
    </ClInclude>
    <ClInclude Include="2DRenderComponent.h">
      <Filter>Header Files\Engine\Entity</Filter>
    </ClInclude>
    <ClInclude Include="RenderSubsystem.h">
      <Filter>Header Files\Engine\Subsystem</Filter>
    </ClInclude>
    <ClInclude Include="MovementSubsystem.h">
      <Filter>Header Files\Engine\Subsystem</Filter>
    </ClInclude>
    <ClInclude Include="InputSubsystem.h">
      <Filter>Header Files\Engine\Subsystem</Filter>
    </ClInclude>
    <ClInclude Include="InputControllerComponent.h">
      <Filter>Header Files\Engine\Entity</Filter>
    </ClInclude>
    <ClInclude Include="InputMapping.h">
      <Filter>Header Files\Engine\Input</Filter>
    </ClInclude>
    <ClInclude Include="CollisionComponent.h">
      <Filter>Header Files\Engine\Entity</Filter>
    </ClInclude>
    <ClInclude Include="Rectangle.h">
      <Filter>Header Files\Engine\Math</Filter>
    </ClInclude>
    <ClInclude Include="CollisionSubsystem.h">
      <Filter>Header Files\Engine\Subsystem</Filter>
    </ClInclude>
  </ItemGroup>
  <ItemGroup>
    <ClCompile Include="Windows_EntryPoint.cpp">
      <Filter>Source Files\Platform\Windows</Filter>
    </ClCompile>
    <ClCompile Include="Engine.cpp">
      <Filter>Source Files\Engine</Filter>
    </ClCompile>
    <ClCompile Include="Platform_Windows.cpp">
      <Filter>Source Files\Platform\Windows</Filter>
    </ClCompile>
    <ClCompile Include="Sprite.cpp">
      <Filter>Source Files\Engine</Filter>
    </ClCompile>
    <ClCompile Include="GraphicDevice.cpp">
      <Filter>Source Files\Engine</Filter>
    </ClCompile>
    <ClCompile Include="Vector3.cpp">
      <Filter>Source Files\Engine\Math</Filter>
    </ClCompile>
    <ClCompile Include="EngineMath.cpp">
      <Filter>Source Files\Engine\Math</Filter>
    </ClCompile>
    <ClCompile Include="Timer.cpp">
      <Filter>Source Files\Engine\Time</Filter>
    </ClCompile>
    <ClCompile Include="GlobalVars.cpp">
      <Filter>Source Files\Engine</Filter>
    </ClCompile>
    <ClCompile Include="TextureUtils.cpp">
      <Filter>Source Files\Engine</Filter>
    </ClCompile>
    <ClCompile Include="AssetLoader.cpp">
      <Filter>Source Files\Engine</Filter>
    </ClCompile>
    <ClCompile Include="EventSource.cpp">
      <Filter>Source Files\Engine\Event</Filter>
    </ClCompile>
    <ClCompile Include="GameWorld.cpp">
      <Filter>Source Files\Engine\Entity</Filter>
    </ClCompile>
    <ClCompile Include="Entity.cpp">
      <Filter>Source Files\Engine\Entity</Filter>
    </ClCompile>
    <ClCompile Include="MovementComponent.cpp">
      <Filter>Source Files\Engine\Entity</Filter>
    </ClCompile>
    <ClCompile Include="PositionComponent.cpp">
      <Filter>Source Files\Engine\Entity</Filter>
    </ClCompile>
    <ClCompile Include="GameSubsystem.cpp">
      <Filter>Source Files\Engine\Subsystems</Filter>
    </ClCompile>
    <ClCompile Include="2DRenderComponent.cpp">
      <Filter>Source Files\Engine\Entity</Filter>
    </ClCompile>
    <ClCompile Include="RenderSubsystem.cpp">
      <Filter>Source Files\Engine\Subsystems</Filter>
    </ClCompile>
    <ClCompile Include="MovementSubsystem.cpp">
      <Filter>Source Files\Engine\Subsystems</Filter>
    </ClCompile>
    <ClCompile Include="InputSubsystem.cpp">
      <Filter>Source Files\Engine\Subsystems</Filter>
    </ClCompile>
    <ClCompile Include="InputControllerComponent.cpp">
      <Filter>Source Files\Engine\Entity</Filter>
    </ClCompile>
    <ClCompile Include="InputMapping.cpp">
      <Filter>Source Files\Engine</Filter>
    </ClCompile>
    <ClCompile Include="CollisionComponent.cpp">
      <Filter>Source Files\Engine\Entity</Filter>
    </ClCompile>
    <ClCompile Include="CollisionSubsystem.cpp">
      <Filter>Source Files\Engine\Subsystems</Filter>
    </ClCompile>
  </ItemGroup>
</Project>